
Microsoft Visual Studio Solution File, Format Version 12.00
# Visual Studio Version 17
VisualStudioVersion = 17.4.33213.308
MinimumVisualStudioVersion = 10.0.40219.1
Project("{FAE04EC0-301F-11D3-BF4B-00C04F79EFBC}") = "MDK12", "MDK12\MDK12.csproj", "{7E098E1C-06E7-4E1C-89AE-7787B709F776}"
EndProject
Global
	GlobalSection(SolutionConfigurationPlatforms) = preSolution
		Debug|Any CPU = Debug|Any CPU
		Release|Any CPU = Release|Any CPU
	EndGlobalSection
	GlobalSection(ProjectConfigurationPlatforms) = postSolution
		{7E098E1C-06E7-4E1C-89AE-7787B709F776}.Debug|Any CPU.ActiveCfg = Debug|Any CPU
		{7E098E1C-06E7-4E1C-89AE-7787B709F776}.Debug|Any CPU.Build.0 = Debug|Any CPU
		{7E098E1C-06E7-4E1C-89AE-7787B709F776}.Release|Any CPU.ActiveCfg = Release|Any CPU
		{7E098E1C-06E7-4E1C-89AE-7787B709F776}.Release|Any CPU.Build.0 = Release|Any CPU
	EndGlobalSection
	GlobalSection(SolutionProperties) = preSolution
		HideSolutionNode = FALSE
	EndGlobalSection
	GlobalSection(ExtensibilityGlobals) = postSolution
		SolutionGuid = {F230DE6F-B4FB-4914-996B-BD535FF90E0B}
	EndGlobalSection
EndGlobal
